// !$*UTF8*$!
{ archiveVersion = 1; classes = {}; objectVersion = 56; objects = {
5B2AC654A1EC68E5D4C17472 = { isa = PBXFileReference; lastKnownFileType = sourcecode.swift; path = "../Shared/App.swift"; sourceTree = "<group>"; };
BDB43A655DD3D6B9DECDC77F = { isa = PBXBuildFile; fileRef = 5B2AC654A1EC68E5D4C17472; };
B08CD56A7E82FA84EC168ABF = { isa = PBXFileReference; lastKnownFileType = sourcecode.swift; path = "../Shared/AppModel.swift"; sourceTree = "<group>"; };
9A7D3C6B2D6D6575CE67BEA0 = { isa = PBXBuildFile; fileRef = B08CD56A7E82FA84EC168ABF; };
AC2DD9911927BDE47F7559F3 = { isa = PBXFileReference; lastKnownFileType = sourcecode.swift; path = "../Shared/Audio.swift"; sourceTree = "<group>"; };
B8B95BA238A89F2CA7802DEB = { isa = PBXBuildFile; fileRef = AC2DD9911927BDE47F7559F3; };
A08C987B1E02560331BF99D3 = { isa = PBXFileReference; lastKnownFileType = sourcecode.swift; path = "../Shared/Core.swift"; sourceTree = "<group>"; };
ACD06F3342D91E8E76BEAA0D = { isa = PBXBuildFile; fileRef = A08C987B1E02560331BF99D3; };
1EE9C612AB88D770DA7D0643 = { isa = PBXFileReference; lastKnownFileType = sourcecode.swift; path = "../Shared/LanguageTools.swift"; sourceTree = "<group>"; };
DF411EBE99A55C600ABAC2FF = { isa = PBXBuildFile; fileRef = 1EE9C612AB88D770DA7D0643; };
64CA7F107AB0D1F3448DD342 = { isa = PBXFileReference; lastKnownFileType = sourcecode.swift; path = "../Shared/ModelAdapters.swift"; sourceTree = "<group>"; };
A2AADB1D8172FC1B0A1D9E6D = { isa = PBXBuildFile; fileRef = 64CA7F107AB0D1F3448DD342; };
417D05DFBB3CE740CBB95DFD = { isa = PBXFileReference; lastKnownFileType = sourcecode.swift; path = "../Shared/RubyText.swift"; sourceTree = "<group>"; };
DBAFF026190436A55A46FEDC = { isa = PBXBuildFile; fileRef = 417D05DFBB3CE740CBB95DFD; };
C4EAB4A2268E1709A85F9AB0 = { isa = PBXFileReference; lastKnownFileType = sourcecode.swift; path = "../Shared/Separation.swift"; sourceTree = "<group>"; };
B4C693F80747E7CA881E6160 = { isa = PBXBuildFile; fileRef = C4EAB4A2268E1709A85F9AB0; };
56BC6D7EB97230D8D09E9FFC = { isa = PBXFileReference; lastKnownFileType = sourcecode.swift; path = "../Shared/Settings.swift"; sourceTree = "<group>"; };
D26DBD2619896BFF98102344 = { isa = PBXBuildFile; fileRef = 56BC6D7EB97230D8D09E9FFC; };
20A8A86D72C4B55C01BC5821 = { isa = PBXFileReference; lastKnownFileType = sourcecode.swift; path = "../Shared/StudyPopup.swift"; sourceTree = "<group>"; };
0E76DB777A36538263C05A10 = { isa = PBXBuildFile; fileRef = 20A8A86D72C4B55C01BC5821; };
2593DBD96356A1467DE9B98B = { isa = PBXFileReference; lastKnownFileType = sourcecode.swift; path = "../Shared/SudachiRuntime.swift"; sourceTree = "<group>"; };
7687849805DCA9823DF08B1D = { isa = PBXBuildFile; fileRef = 2593DBD96356A1467DE9B98B; };
0674FF046F9DAD418712B1E0 = { isa = PBXFileReference; lastKnownFileType = sourcecode.swift; path = "../Shared/TranscriptBuffer.swift"; sourceTree = "<group>"; };
F2B2D8C6DA61567FBC2C0CFB = { isa = PBXBuildFile; fileRef = 0674FF046F9DAD418712B1E0; };
5599081619A20E5934D7755A = { isa = PBXFileReference; lastKnownFileType = sourcecode.swift; path = "../Shared/TranslationBacklog.swift"; sourceTree = "<group>"; };
1572BCBDE61548AEC4A6B7FB = { isa = PBXBuildFile; fileRef = 5599081619A20E5934D7755A; };
E1BA04649F8EE8AE34D6B83A = { isa = PBXFileReference; lastKnownFileType = sourcecode.swift; path = "../Shared/WorkerClient.swift"; sourceTree = "<group>"; };
424A834C896AA7B235289E32 = { isa = PBXBuildFile; fileRef = E1BA04649F8EE8AE34D6B83A; };
E0B520EC23A5ED4449050E01 = { isa = PBXFileReference; lastKnownFileType = sourcecode.swift; path = "SystemAudioInput.swift"; sourceTree = "<group>"; };
4862A4C1541D3E418E3A18AA = { isa = PBXBuildFile; fileRef = E0B520EC23A5ED4449050E01; };
D20000000000000000000001 = { isa = PBXFileReference; lastKnownFileType = sourcecode.swift; path = "DeviceValidation.swift"; sourceTree = "<group>"; };
D20000000000000000000002 = { isa = PBXBuildFile; fileRef = D20000000000000000000001; };
D20000000000000000000003 = { isa = PBXFileReference; lastKnownFileType = sourcecode.swift; path = "DeviceValidationView.swift"; sourceTree = "<group>"; };
D20000000000000000000004 = { isa = PBXBuildFile; fileRef = D20000000000000000000003; };
EDDD41AFAD850799A0276B71 = { isa = PBXFileReference; lastKnownFileType = text; path = "../Resources/deck-index.json"; sourceTree = "<group>"; };
506B5E2489E6ABE413514F50 = { isa = PBXBuildFile; fileRef = EDDD41AFAD850799A0276B71; };
676F87E807F78E8C04EE9D3D = { isa = PBXFileReference; lastKnownFileType = text; path = "../Resources/kanji_ko_attr_irreg.min.json"; sourceTree = "<group>"; };
D821DEC791E2BC9E27A1F6D1 = { isa = PBXBuildFile; fileRef = 676F87E807F78E8C04EE9D3D; };
6874D8C30F462D5A2EB9427A = { isa = PBXFileReference; lastKnownFileType = text; path = "../Resources/EDRDG_CREDITS.txt"; sourceTree = "<group>"; };
9CBEA25757382FA0E3DCDED4 = { isa = PBXBuildFile; fileRef = 6874D8C30F462D5A2EB9427A; };
7428EDC488CC538A03E06DF6 = { isa = XCRemoteSwiftPackageReference; repositoryURL = "https://github.com/FluidInference/FluidAudio"; requirement = { kind = revision; revision = "5c19d5e12320e22bbfb7a1877b089d2665a69add"; }; };
4AD9F2B6B79EC8CAC91C8B59 = { isa = XCSwiftPackageProductDependency; package = 7428EDC488CC538A03E06DF6; productName = "FluidAudio"; };
4EECBCE692576BEF49E5B31F = { isa = PBXBuildFile; productRef = 4AD9F2B6B79EC8CAC91C8B59; };
23CE87EF993F033273C92FA1 = { isa = XCRemoteSwiftPackageReference; repositoryURL = "https://github.com/kylehowells/DeepFilterNet-mlx"; requirement = { kind = revision; revision = "c6c4b9dc98c62bfa90ed66c5fd4f5d54e88c7b4f"; }; };
256D582B282B2C598476CE71 = { isa = XCSwiftPackageProductDependency; package = 23CE87EF993F033273C92FA1; productName = "DeepFilterNetCoreML"; };
B56921A82BC5427094163296 = { isa = PBXBuildFile; productRef = 256D582B282B2C598476CE71; };
7D1043473D55BFA90E8530D3 = { isa = PBXFileReference; explicitFileType = wrapper.application; includeInIndex = 0; path = JPLive.app; sourceTree = BUILT_PRODUCTS_DIR; };
AD5D520508EF8024D25C00BA = { isa = PBXFileReference; explicitFileType = wrapper.cfbundle; includeInIndex = 0; path = JPLiveTests.xctest; sourceTree = BUILT_PRODUCTS_DIR; };
FBDC4F23F93125BBEEAE800C = { isa = PBXGroup; children = (7D1043473D55BFA90E8530D3,AD5D520508EF8024D25C00BA,); name = Products; sourceTree = "<group>"; };
E05FCB614AB36FDEE72EE1F2 = { isa = PBXFileReference; lastKnownFileType = sourcecode.swift; path = "../Tests/CoreTests.swift"; sourceTree = "<group>"; };
E50290A24C49A459B43487C5 = { isa = PBXGroup; children = (A10000000000000000000001,A10000000000000000000003,5B2AC654A1EC68E5D4C17472,B08CD56A7E82FA84EC168ABF,AC2DD9911927BDE47F7559F3,A08C987B1E02560331BF99D3,1EE9C612AB88D770DA7D0643,64CA7F107AB0D1F3448DD342,417D05DFBB3CE740CBB95DFD,C4EAB4A2268E1709A85F9AB0,56BC6D7EB97230D8D09E9FFC,20A8A86D72C4B55C01BC5821,2593DBD96356A1467DE9B98B,0674FF046F9DAD418712B1E0,5599081619A20E5934D7755A,E1BA04649F8EE8AE34D6B83A,E0B520EC23A5ED4449050E01,D20000000000000000000001,D20000000000000000000003,EDDD41AFAD850799A0276B71,676F87E807F78E8C04EE9D3D,6874D8C30F462D5A2EB9427A,E05FCB614AB36FDEE72EE1F2,FBDC4F23F93125BBEEAE800C,6DB8FB564138D49993E5AB50,76FA75B6F66413CC52203DA4,); sourceTree = "<group>"; };
BCE16DD0260827ECF338C787 = { isa = PBXSourcesBuildPhase; buildActionMask = 2147483647; files = (A10000000000000000000002,BDB43A655DD3D6B9DECDC77F,9A7D3C6B2D6D6575CE67BEA0,B8B95BA238A89F2CA7802DEB,ACD06F3342D91E8E76BEAA0D,DF411EBE99A55C600ABAC2FF,A2AADB1D8172FC1B0A1D9E6D,DBAFF026190436A55A46FEDC,B4C693F80747E7CA881E6160,D26DBD2619896BFF98102344,0E76DB777A36538263C05A10,7687849805DCA9823DF08B1D,F2B2D8C6DA61567FBC2C0CFB,1572BCBDE61548AEC4A6B7FB,424A834C896AA7B235289E32,4862A4C1541D3E418E3A18AA,D20000000000000000000002,D20000000000000000000004,4777D803967925A2BA52F92C,C610FC8A974093248DF3E6F7,); runOnlyForDeploymentPostprocessing = 0; };
0189424A5A60FED329FA868E = { isa = PBXResourcesBuildPhase; buildActionMask = 2147483647; files = (506B5E2489E6ABE413514F50,D821DEC791E2BC9E27A1F6D1,9CBEA25757382FA0E3DCDED4,); runOnlyForDeploymentPostprocessing = 0; };
7561BFB015D8F536760CB671 = { isa = PBXFrameworksBuildPhase; buildActionMask = 2147483647; files = (4EECBCE692576BEF49E5B31F,B56921A82BC5427094163296,); runOnlyForDeploymentPostprocessing = 0; };
80FAC02A0BD5812E2A00F339 = { isa = PBXBuildFile; fileRef = E05FCB614AB36FDEE72EE1F2; };
9F3002A5D69B22D357A58AA9 = { isa = PBXSourcesBuildPhase; buildActionMask = 2147483647; files = (A10000000000000000000004,80FAC02A0BD5812E2A00F339,); runOnlyForDeploymentPostprocessing = 0; };
99C7943D90D870A50ADE9160 = { isa = PBXFrameworksBuildPhase; buildActionMask = 2147483647; files = (); runOnlyForDeploymentPostprocessing = 0; };
D799BAE6088A90139B415FCC = { isa = PBXContainerItemProxy; containerPortal = 98F54143AB4E86B28C3AFEE0; proxyType = 1; remoteGlobalIDString = 0E8A3AD980EC179856012B7E; remoteInfo = JPLive; };
2A21D9E9044D0B11FAFCCFE3 = { isa = PBXTargetDependency; target = 0E8A3AD980EC179856012B7E; targetProxy = D799BAE6088A90139B415FCC; };
AB52CB08E0FDF02BF6C67C33 = { isa = XCBuildConfiguration; buildSettings = {SWIFT_VERSION = 5.0; SDKROOT = iphoneos; IPHONEOS_DEPLOYMENT_TARGET = 27.0; CLANG_ENABLE_MODULES = YES; SWIFT_OPTIMIZATION_LEVEL = "-Onone"; DEBUG_INFORMATION_FORMAT = dwarf;}; name = Debug; };
5283471FF90C511CFE244FFF = { isa = XCBuildConfiguration; buildSettings = {SWIFT_VERSION = 5.0; SDKROOT = iphoneos; IPHONEOS_DEPLOYMENT_TARGET = 27.0; CLANG_ENABLE_MODULES = YES; SWIFT_OPTIMIZATION_LEVEL = "-O"; DEBUG_INFORMATION_FORMAT = "dwarf-with-dsym";}; name = Release; };
2286E03CAA13D178968C5C29 = { isa = XCConfigurationList; buildConfigurations = (AB52CB08E0FDF02BF6C67C33,5283471FF90C511CFE244FFF,); defaultConfigurationIsVisible = 0; defaultConfigurationName = Release; };
59E1BEE911F66DA37FEBACDC = { isa = XCBuildConfiguration; buildSettings = {SWIFT_VERSION = 5.0; SDKROOT = iphoneos; IPHONEOS_DEPLOYMENT_TARGET = 27.0; CLANG_ENABLE_MODULES = YES; PRODUCT_NAME = JPLive; PRODUCT_BUNDLE_IDENTIFIER = local.jp.live.prototype; TARGETED_DEVICE_FAMILY = 2; INFOPLIST_FILE = Info.plist; CODE_SIGN_STYLE = Automatic; SWIFT_ACTIVE_COMPILATION_CONDITIONS = "$(inherited) PHASE2"; ENABLE_TESTABILITY = YES; LD_RUNPATH_SEARCH_PATHS = "$(inherited) @executable_path/Frameworks"; SWIFT_OPTIMIZATION_LEVEL = "-Onone"; DEBUG_INFORMATION_FORMAT = dwarf;}; name = Debug; };
F4C425279CD5DDD18FD6DC6D = { isa = XCBuildConfiguration; buildSettings = {SWIFT_VERSION = 5.0; SDKROOT = iphoneos; IPHONEOS_DEPLOYMENT_TARGET = 27.0; CLANG_ENABLE_MODULES = YES; PRODUCT_NAME = JPLive; PRODUCT_BUNDLE_IDENTIFIER = local.jp.live.prototype; TARGETED_DEVICE_FAMILY = 2; INFOPLIST_FILE = Info.plist; CODE_SIGN_STYLE = Automatic; SWIFT_ACTIVE_COMPILATION_CONDITIONS = "$(inherited) PHASE2"; ENABLE_TESTABILITY = YES; LD_RUNPATH_SEARCH_PATHS = "$(inherited) @executable_path/Frameworks"; SWIFT_OPTIMIZATION_LEVEL = "-O"; DEBUG_INFORMATION_FORMAT = "dwarf-with-dsym";}; name = Release; };
CB723A9A468D5D3A71F5A482 = { isa = XCConfigurationList; buildConfigurations = (59E1BEE911F66DA37FEBACDC,F4C425279CD5DDD18FD6DC6D,); defaultConfigurationIsVisible = 0; defaultConfigurationName = Release; };
532167A2F4DF305CC7A47840 = { isa = XCBuildConfiguration; buildSettings = {SWIFT_VERSION = 5.0; SDKROOT = iphoneos; IPHONEOS_DEPLOYMENT_TARGET = 27.0; CLANG_ENABLE_MODULES = YES; PRODUCT_NAME = JPLiveTests; PRODUCT_BUNDLE_IDENTIFIER = local.jp.live.prototype.tests; TARGETED_DEVICE_FAMILY = 2; GENERATE_INFOPLIST_FILE = YES; TEST_HOST = "$(BUILT_PRODUCTS_DIR)/JPLive.app/JPLive"; BUNDLE_LOADER = "$(TEST_HOST)"; SWIFT_ACTIVE_COMPILATION_CONDITIONS = "$(inherited) PHASE2"; SWIFT_OPTIMIZATION_LEVEL = "-Onone"; DEBUG_INFORMATION_FORMAT = dwarf;}; name = Debug; };
613A5B8C1DD03DF932B456E4 = { isa = XCBuildConfiguration; buildSettings = {SWIFT_VERSION = 5.0; SDKROOT = iphoneos; IPHONEOS_DEPLOYMENT_TARGET = 27.0; CLANG_ENABLE_MODULES = YES; PRODUCT_NAME = JPLiveTests; PRODUCT_BUNDLE_IDENTIFIER = local.jp.live.prototype.tests; TARGETED_DEVICE_FAMILY = 2; GENERATE_INFOPLIST_FILE = YES; TEST_HOST = "$(BUILT_PRODUCTS_DIR)/JPLive.app/JPLive"; BUNDLE_LOADER = "$(TEST_HOST)"; SWIFT_ACTIVE_COMPILATION_CONDITIONS = "$(inherited) PHASE2"; SWIFT_OPTIMIZATION_LEVEL = "-O"; DEBUG_INFORMATION_FORMAT = "dwarf-with-dsym";}; name = Release; };
99AFB6D50F6CAAF31E054074 = { isa = XCConfigurationList; buildConfigurations = (532167A2F4DF305CC7A47840,613A5B8C1DD03DF932B456E4,); defaultConfigurationIsVisible = 0; defaultConfigurationName = Release; };
0E8A3AD980EC179856012B7E = { isa = PBXNativeTarget; buildConfigurationList = CB723A9A468D5D3A71F5A482; buildPhases = (BCE16DD0260827ECF338C787,7561BFB015D8F536760CB671,0189424A5A60FED329FA868E,); buildRules = (); dependencies = (); name = JPLive; packageProductDependencies = (4AD9F2B6B79EC8CAC91C8B59,256D582B282B2C598476CE71,); productName = JPLive; productReference = 7D1043473D55BFA90E8530D3; productType = "com.apple.product-type.application"; };
0A06C5E2DA34E686D888A695 = { isa = PBXNativeTarget; buildConfigurationList = 99AFB6D50F6CAAF31E054074; buildPhases = (9F3002A5D69B22D357A58AA9,99C7943D90D870A50ADE9160,); buildRules = (); dependencies = (2A21D9E9044D0B11FAFCCFE3,); name = JPLiveTests; productName = JPLiveTests; productReference = AD5D520508EF8024D25C00BA; productType = "com.apple.product-type.bundle.unit-test"; };
98F54143AB4E86B28C3AFEE0 = { isa = PBXProject; attributes = { LastUpgradeCheck = 2700; }; buildConfigurationList = 2286E03CAA13D178968C5C29; compatibilityVersion = "Xcode 14.0"; developmentRegion = ko; hasScannedForEncodings = 0; knownRegions = (ko,en,Base,); mainGroup = E50290A24C49A459B43487C5; packageReferences = (7428EDC488CC538A03E06DF6,23CE87EF993F033273C92FA1,); productRefGroup = FBDC4F23F93125BBEEAE800C; projectDirPath = ""; projectRoot = ""; targets = (0E8A3AD980EC179856012B7E,0A06C5E2DA34E686D888A695,); };
6DB8FB564138D49993E5AB50 = { isa = PBXFileReference; lastKnownFileType = sourcecode.swift; path = "../Shared/AudioPipeline.swift"; sourceTree = "<group>"; };
4777D803967925A2BA52F92C = { isa = PBXBuildFile; fileRef = 6DB8FB564138D49993E5AB50; };
76FA75B6F66413CC52203DA4 = { isa = PBXFileReference; lastKnownFileType = sourcecode.swift; path = "../Shared/SpeechTimeline.swift"; sourceTree = "<group>"; };
C610FC8A974093248DF3E6F7 = { isa = PBXBuildFile; fileRef = 76FA75B6F66413CC52203DA4; };
A10000000000000000000001 = { isa = PBXFileReference; lastKnownFileType = sourcecode.swift; path = "../Shared/AudioConversion.swift"; sourceTree = "<group>"; };
A10000000000000000000002 = { isa = PBXBuildFile; fileRef = A10000000000000000000001; };
A10000000000000000000003 = { isa = PBXFileReference; lastKnownFileType = sourcecode.swift; path = "../Tests/AudioConversionTests.swift"; sourceTree = "<group>"; };
A10000000000000000000004 = { isa = PBXBuildFile; fileRef = A10000000000000000000003; };
}; rootObject = 98F54143AB4E86B28C3AFEE0; }
